// !$*UTF8*$!
{
	archiveVersion = 1;
	classes = {
	};
	objectVersion = 55;
	objects = {

/* Begin PBXBuildFile section */
		E95A4F9C28001C76006716D2 /* TS_ImagePickerView_ExampleApp.swift in Sources */ = {isa = PBXBuildFile; fileRef = E95A4F9B28001C76006716D2 /* TS_ImagePickerView_ExampleApp.swift */; };
		E95A4F9E28001C76006716D2 /* ContentView.swift in Sources */ = {isa = PBXBuildFile; fileRef = E95A4F9D28001C76006716D2 /* ContentView.swift */; };
		E95A4FA028001C77006716D2 /* Assets.xcassets in Resources */ = {isa = PBXBuildFile; fileRef = E95A4F9F28001C77006716D2 /* Assets.xcassets */; };
		E95A4FA328001C77006716D2 /* Preview Assets.xcassets in Resources */ = {isa = PBXBuildFile; fileRef = E95A4FA228001C77006716D2 /* Preview Assets.xcassets */; };
		E95A4FAA28001C85006716D2 /* ImagePickerView.swift in Sources */ = {isa = PBXBuildFile; fileRef = E95A4FA928001C85006716D2 /* ImagePickerView.swift */; };
		E976F9C4284A390D0047F5D8 /* SavedImage.swift in Sources */ = {isa = PBXBuildFile; fileRef = E976F9C3284A390D0047F5D8 /* SavedImage.swift */; };
		E976F9C6284A4EF10047F5D8 /* ImageFileHandler.swift in Sources */ = {isa = PBXBuildFile; fileRef = E976F9C5284A4EF10047F5D8 /* ImageFileHandler.swift */; };
		E9D35D80282E286D000F560F /* ImagePickerDataModel.xcdatamodeld in Sources */ = {isa = PBXBuildFile; fileRef = E9D35D7E282E286D000F560F /* ImagePickerDataModel.xcdatamodeld */; };
		E9D35D82282E28EA000F560F /* CoreDataManager.swift in Sources */ = {isa = PBXBuildFile; fileRef = E9D35D81282E28EA000F560F /* CoreDataManager.swift */; };
/* End PBXBuildFile section */

/* Begin PBXFileReference section */
		E95A4F9828001C76006716D2 /* TS ImagePickerView Example.app */ = {isa = PBXFileReference; explicitFileType = wrapper.application; includeInIndex = 0; path = "TS ImagePickerView Example.app"; sourceTree = BUILT_PRODUCTS_DIR; };
		E95A4F9B28001C76006716D2 /* TS_ImagePickerView_ExampleApp.swift */ = {isa = PBXFileReference; lastKnownFileType = sourcecode.swift; path = TS_ImagePickerView_ExampleApp.swift; sourceTree = "<group>"; };
		E95A4F9D28001C76006716D2 /* ContentView.swift */ = {isa = PBXFileReference; lastKnownFileType = sourcecode.swift; path = ContentView.swift; sourceTree = "<group>"; };
		E95A4F9F28001C77006716D2 /* Assets.xcassets */ = {isa = PBXFileReference; lastKnownFileType = folder.assetcatalog; path = Assets.xcassets; sourceTree = "<group>"; };
		E95A4FA228001C77006716D2 /* Preview Assets.xcassets */ = {isa = PBXFileReference; lastKnownFileType = folder.assetcatalog; path = "Preview Assets.xcassets"; sourceTree = "<group>"; };
		E95A4FA928001C85006716D2 /* ImagePickerView.swift */ = {isa = PBXFileReference; lastKnownFileType = sourcecode.swift; path = ImagePickerView.swift; sourceTree = "<group>"; };
		E976F9C3284A390D0047F5D8 /* SavedImage.swift */ = {isa = PBXFileReference; lastKnownFileType = sourcecode.swift; path = SavedImage.swift; sourceTree = "<group>"; };
		E976F9C5284A4EF10047F5D8 /* ImageFileHandler.swift */ = {isa = PBXFileReference; lastKnownFileType = sourcecode.swift; path = ImageFileHandler.swift; sourceTree = "<group>"; };
		E9D35D7F282E286D000F560F /* ImagePickerDataModel.xcdatamodel */ = {isa = PBXFileReference; lastKnownFileType = wrapper.xcdatamodel; path = ImagePickerDataModel.xcdatamodel; sourceTree = "<group>"; };
		E9D35D81282E28EA000F560F /* CoreDataManager.swift */ = {isa = PBXFileReference; lastKnownFileType = sourcecode.swift; path = CoreDataManager.swift; sourceTree = "<group>"; };
/* End PBXFileReference section */

/* Begin PBXFrameworksBuildPhase section */
		E95A4F9528001C76006716D2 /* Frameworks */ = {
			isa = PBXFrameworksBuildPhase;
			buildActionMask = 2147483647;
			files = (
			);
			runOnlyForDeploymentPostprocessing = 0;
		};
/* End PBXFrameworksBuildPhase section */

/* Begin PBXGroup section */
		E95A4F8F28001C76006716D2 = {
			isa = PBXGroup;
			children = (
				E95A4F9A28001C76006716D2 /* TS ImagePickerView Example */,
				E95A4F9928001C76006716D2 /* Products */,
			);
			sourceTree = "<group>";
		};
		E95A4F9928001C76006716D2 /* Products */ = {
			isa = PBXGroup;
			children = (
				E95A4F9828001C76006716D2 /* TS ImagePickerView Example.app */,
			);
			name = Products;
			sourceTree = "<group>";
		};
		E95A4F9A28001C76006716D2 /* TS ImagePickerView Example */ = {
			isa = PBXGroup;
			children = (
				E95A4F9B28001C76006716D2 /* TS_ImagePickerView_ExampleApp.swift */,
				E95A4F9D28001C76006716D2 /* ContentView.swift */,
				E95A4FA928001C85006716D2 /* ImagePickerView.swift */,
				E9D35D81282E28EA000F560F /* CoreDataManager.swift */,
				E976F9C5284A4EF10047F5D8 /* ImageFileHandler.swift */,
				E976F9C3284A390D0047F5D8 /* SavedImage.swift */,
				E95A4F9F28001C77006716D2 /* Assets.xcassets */,
				E9D35D7E282E286D000F560F /* ImagePickerDataModel.xcdatamodeld */,
				E95A4FA128001C77006716D2 /* Preview Content */,
			);
			path = "TS ImagePickerView Example";
			sourceTree = "<group>";
		};
		E95A4FA128001C77006716D2 /* Preview Content */ = {
			isa = PBXGroup;
			children = (
				E95A4FA228001C77006716D2 /* Preview Assets.xcassets */,
			);
			path = "Preview Content";
			sourceTree = "<group>";
		};
/* End PBXGroup section */

/* Begin PBXNativeTarget section */
		E95A4F9728001C76006716D2 /* TS ImagePickerView Example */ = {
			isa = PBXNativeTarget;
			buildConfigurationList = E95A4FA628001C77006716D2 /* Build configuration list for PBXNativeTarget "TS ImagePickerView Example" */;
			buildPhases = (
				E95A4F9428001C76006716D2 /* Sources */,
				E95A4F9528001C76006716D2 /* Frameworks */,
				E95A4F9628001C76006716D2 /* Resources */,
			);
			buildRules = (
			);
			dependencies = (
			);
			name = "TS ImagePickerView Example";
			productName = "TS ImagePickerView Example";
			productReference = E95A4F9828001C76006716D2 /* TS ImagePickerView Example.app */;
			productType = "com.apple.product-type.application";
		};
/* End PBXNativeTarget section */

/* Begin PBXProject section */
		E95A4F9028001C76006716D2 /* Project object */ = {
			isa = PBXProject;
			attributes = {
				BuildIndependentTargetsInParallel = 1;
				LastSwiftUpdateCheck = 1330;
				LastUpgradeCheck = 1330;
				TargetAttributes = {
					E95A4F9728001C76006716D2 = {
						CreatedOnToolsVersion = 13.3;
					};
				};
			};
			buildConfigurationList = E95A4F9328001C76006716D2 /* Build configuration list for PBXProject "TS ImagePickerView Example" */;
			compatibilityVersion = "Xcode 13.0";
			developmentRegion = en;
			hasScannedForEncodings = 0;
			knownRegions = (
				en,
				Base,
			);
			mainGroup = E95A4F8F28001C76006716D2;
			productRefGroup = E95A4F9928001C76006716D2 /* Products */;
			projectDirPath = "";
			projectRoot = "";
			targets = (
				E95A4F9728001C76006716D2 /* TS ImagePickerView Example */,
			);
		};
/* End PBXProject section */

/* Begin PBXResourcesBuildPhase section */
		E95A4F9628001C76006716D2 /* Resources */ = {
			isa = PBXResourcesBuildPhase;
			buildActionMask = 2147483647;
			files = (
				E95A4FA328001C77006716D2 /* Preview Assets.xcassets in Resources */,
				E95A4FA028001C77006716D2 /* Assets.xcassets in Resources */,
			);
			runOnlyForDeploymentPostprocessing = 0;
		};
/* End PBXResourcesBuildPhase section */

/* Begin PBXSourcesBuildPhase section */
		E95A4F9428001C76006716D2 /* Sources */ = {
			isa = PBXSourcesBuildPhase;
			buildActionMask = 2147483647;
			files = (
				E976F9C6284A4EF10047F5D8 /* ImageFileHandler.swift in Sources */,
				E95A4F9E28001C76006716D2 /* ContentView.swift in Sources */,
				E95A4FAA28001C85006716D2 /* ImagePickerView.swift in Sources */,
				E95A4F9C28001C76006716D2 /* TS_ImagePickerView_ExampleApp.swift in Sources */,
				E976F9C4284A390D0047F5D8 /* SavedImage.swift in Sources */,
				E9D35D82282E28EA000F560F /* CoreDataManager.swift in Sources */,
				E9D35D80282E286D000F560F /* ImagePickerDataModel.xcdatamodeld in Sources */,
			);
			runOnlyForDeploymentPostprocessing = 0;
		};
/* End PBXSourcesBuildPhase section */

/* Begin XCBuildConfiguration section */
		E95A4FA428001C77006716D2 /* Debug */ = {
			isa = XCBuildConfiguration;
			buildSettings = {
				ALWAYS_SEARCH_USER_PATHS = NO;
				CLANG_ANALYZER_NONNULL = YES;
				CLANG_ANALYZER_NUMBER_OBJECT_CONVERSION = YES_AGGRESSIVE;
				CLANG_CXX_LANGUAGE_STANDARD = "gnu++17";
				CLANG_ENABLE_MODULES = YES;
				CLANG_ENABLE_OBJC_ARC = YES;
				CLANG_ENABLE_OBJC_WEAK = YES;
				CLANG_WARN_BLOCK_CAPTURE_AUTORELEASING = YES;
				CLANG_WARN_BOOL_CONVERSION = YES;
				CLANG_WARN_COMMA = YES;
				CLANG_WARN_CONSTANT_CONVERSION = YES;
				CLANG_WARN_DEPRECATED_OBJC_IMPLEMENTATIONS = YES;
				CLANG_WARN_DIRECT_OBJC_ISA_USAGE = YES_ERROR;
				CLANG_WARN_DOCUMENTATION_COMMENTS = YES;
				CLANG_WARN_EMPTY_BODY = YES;
				CLANG_WARN_ENUM_CONVERSION = YES;
				CLANG_WARN_INFINITE_RECURSION = YES;
				CLANG_WARN_INT_CONVERSION = YES;
				CLANG_WARN_NON_LITERAL_NULL_CONVERSION = YES;
				CLANG_WARN_OBJC_IMPLICIT_RETAIN_SELF = YES;
				CLANG_WARN_OBJC_LITERAL_CONVERSION = YES;
				CLANG_WARN_OBJC_ROOT_CLASS = YES_ERROR;
				CLANG_WARN_QUOTED_INCLUDE_IN_FRAMEWORK_HEADER = YES;
				CLANG_WARN_RANGE_LOOP_ANALYSIS = YES;
				CLANG_WARN_STRICT_PROTOTYPES = YES;
				CLANG_WARN_SUSPICIOUS_MOVE = YES;
				CLANG_WARN_UNGUARDED_AVAILABILITY = YES_AGGRESSIVE;
				CLANG_WARN_UNREACHABLE_CODE = YES;
				CLANG_WARN__DUPLICATE_METHOD_MATCH = YES;
				COPY_PHASE_STRIP = NO;
				DEBUG_INFORMATION_FORMAT = dwarf;
				ENABLE_STRICT_OBJC_MSGSEND = YES;
				ENABLE_TESTABILITY = YES;
				GCC_C_LANGUAGE_STANDARD = gnu11;
				GCC_DYNAMIC_NO_PIC = NO;
				GCC_NO_COMMON_BLOCKS = YES;
				GCC_OPTIMIZATION_LEVEL = 0;
				GCC_PREPROCESSOR_DEFINITIONS = (
					"DEBUG=1",
					"$(inherited)",
				);
				GCC_WARN_64_TO_32_BIT_CONVERSION = YES;
				GCC_WARN_ABOUT_RETURN_TYPE = YES_ERROR;
				GCC_WARN_UNDECLARED_SELECTOR = YES;
				GCC_WARN_UNINITIALIZED_AUTOS = YES_AGGRESSIVE;
				GCC_WARN_UNUSED_FUNCTION = YES;
				GCC_WARN_UNUSED_VARIABLE = YES;
				IPHONEOS_DEPLOYMENT_TARGET = 15.4;
				MTL_ENABLE_DEBUG_INFO = INCLUDE_SOURCE;
				MTL_FAST_MATH = YES;
				ONLY_ACTIVE_ARCH = YES;
				SDKROOT = iphoneos;
				SWIFT_ACTIVE_COMPILATION_CONDITIONS = DEBUG;
				SWIFT_OPTIMIZATION_LEVEL = "-Onone";
			};
			name = Debug;
		};
		E95A4FA528001C77006716D2 /* Release */ = {
			isa = XCBuildConfiguration;
			buildSettings = {
				ALWAYS_SEARCH_USER_PATHS = NO;
				CLANG_ANALYZER_NONNULL = YES;
				CLANG_ANALYZER_NUMBER_OBJECT_CONVERSION = YES_AGGRESSIVE;
				CLANG_CXX_LANGUAGE_STANDARD = "gnu++17";
				CLANG_ENABLE_MODULES = YES;
				CLANG_ENABLE_OBJC_ARC = YES;
				CLANG_ENABLE_OBJC_WEAK = YES;
				CLANG_WARN_BLOCK_CAPTURE_AUTORELEASING = YES;
				CLANG_WARN_BOOL_CONVERSION = YES;
				CLANG_WARN_COMMA = YES;
				CLANG_WARN_CONSTANT_CONVERSION = YES;
				CLANG_WARN_DEPRECATED_OBJC_IMPLEMENTATIONS = YES;
				CLANG_WARN_DIRECT_OBJC_ISA_USAGE = YES_ERROR;
				CLANG_WARN_DOCUMENTATION_COMMENTS = YES;
				CLANG_WARN_EMPTY_BODY = YES;
				CLANG_WARN_ENUM_CONVERSION = YES;
				CLANG_WARN_INFINITE_RECURSION = YES;
				CLANG_WARN_INT_CONVERSION = YES;
				CLANG_WARN_NON_LITERAL_NULL_CONVERSION = YES;
				CLANG_WARN_OBJC_IMPLICIT_RETAIN_SELF = YES;
				CLANG_WARN_OBJC_LITERAL_CONVERSION = YES;
				CLANG_WARN_OBJC_ROOT_CLASS = YES_ERROR;
				CLANG_WARN_QUOTED_INCLUDE_IN_FRAMEWORK_HEADER = YES;
				CLANG_WARN_RANGE_LOOP_ANALYSIS = YES;
				CLANG_WARN_STRICT_PROTOTYPES = YES;
				CLANG_WARN_SUSPICIOUS_MOVE = YES;
				CLANG_WARN_UNGUARDED_AVAILABILITY = YES_AGGRESSIVE;
				CLANG_WARN_UNREACHABLE_CODE = YES;
				CLANG_WARN__DUPLICATE_METHOD_MATCH = YES;
				COPY_PHASE_STRIP = NO;
				DEBUG_INFORMATION_FORMAT = "dwarf-with-dsym";
				ENABLE_NS_ASSERTIONS = NO;
				ENABLE_STRICT_OBJC_MSGSEND = YES;
				GCC_C_LANGUAGE_STANDARD = gnu11;
				GCC_NO_COMMON_BLOCKS = YES;
				GCC_WARN_64_TO_32_BIT_CONVERSION = YES;
				GCC_WARN_ABOUT_RETURN_TYPE = YES_ERROR;
				GCC_WARN_UNDECLARED_SELECTOR = YES;
				GCC_WARN_UNINITIALIZED_AUTOS = YES_AGGRESSIVE;
				GCC_WARN_UNUSED_FUNCTION = YES;
				GCC_WARN_UNUSED_VARIABLE = YES;
				IPHONEOS_DEPLOYMENT_TARGET = 15.4;
				MTL_ENABLE_DEBUG_INFO = NO;
				MTL_FAST_MATH = YES;
				SDKROOT = iphoneos;
				SWIFT_COMPILATION_MODE = wholemodule;
				SWIFT_OPTIMIZATION_LEVEL = "-O";
				VALIDATE_PRODUCT = YES;
			};
			name = Release;
		};
		E95A4FA728001C77006716D2 /* Debug */ = {
			isa = XCBuildConfiguration;
			buildSettings = {
				ASSETCATALOG_COMPILER_APPICON_NAME = AppIcon;
				ASSETCATALOG_COMPILER_GLOBAL_ACCENT_COLOR_NAME = AccentColor;
				CODE_SIGN_STYLE = Automatic;
				CURRENT_PROJECT_VERSION = 1;
				DEVELOPMENT_ASSET_PATHS = "\"TS ImagePickerView Example/Preview Content\"";
				DEVELOPMENT_TEAM = 2S49FR3REP;
				ENABLE_PREVIEWS = YES;
				GENERATE_INFOPLIST_FILE = YES;
				INFOPLIST_KEY_UIApplicationSceneManifest_Generation = YES;
				INFOPLIST_KEY_UIApplicationSupportsIndirectInputEvents = YES;
				INFOPLIST_KEY_UILaunchScreen_Generation = YES;
				INFOPLIST_KEY_UISupportedInterfaceOrientations_iPad = "UIInterfaceOrientationPortrait UIInterfaceOrientationPortraitUpsideDown UIInterfaceOrientationLandscapeLeft UIInterfaceOrientationLandscapeRight";
				INFOPLIST_KEY_UISupportedInterfaceOrientations_iPhone = "UIInterfaceOrientationPortrait UIInterfaceOrientationLandscapeLeft UIInterfaceOrientationLandscapeRight";
				LD_RUNPATH_SEARCH_PATHS = (
					"$(inherited)",
					"@executable_path/Frameworks",
				);
				MARKETING_VERSION = 1.0;
				PRODUCT_BUNDLE_IDENTIFIER = "de.thomassillmann.TS-ImagePickerView-Example";
				PRODUCT_NAME = "$(TARGET_NAME)";
				SWIFT_EMIT_LOC_STRINGS = YES;
				SWIFT_VERSION = 5.0;
				TARGETED_DEVICE_FAMILY = "1,2";
			};
			name = Debug;
		};
		E95A4FA828001C77006716D2 /* Release */ = {
			isa = XCBuildConfiguration;
			buildSettings = {
				ASSETCATALOG_COMPILER_APPICON_NAME = AppIcon;
				ASSETCATALOG_COMPILER_GLOBAL_ACCENT_COLOR_NAME = AccentColor;
				CODE_SIGN_STYLE = Automatic;
				CURRENT_PROJECT_VERSION = 1;
				DEVELOPMENT_ASSET_PATHS = "\"TS ImagePickerView Example/Preview Content\"";
				DEVELOPMENT_TEAM = 2S49FR3REP;
				ENABLE_PREVIEWS = YES;
				GENERATE_INFOPLIST_FILE = YES;
				INFOPLIST_KEY_UIApplicationSceneManifest_Generation = YES;
				INFOPLIST_KEY_UIApplicationSupportsIndirectInputEvents = YES;
				INFOPLIST_KEY_UILaunchScreen_Generation = YES;
				INFOPLIST_KEY_UISupportedInterfaceOrientations_iPad = "UIInterfaceOrientationPortrait UIInterfaceOrientationPortraitUpsideDown UIInterfaceOrientationLandscapeLeft UIInterfaceOrientationLandscapeRight";
				INFOPLIST_KEY_UISupportedInterfaceOrientations_iPhone = "UIInterfaceOrientationPortrait UIInterfaceOrientationLandscapeLeft UIInterfaceOrientationLandscapeRight";
				LD_RUNPATH_SEARCH_PATHS = (
					"$(inherited)",
					"@executable_path/Frameworks",
				);
				MARKETING_VERSION = 1.0;
				PRODUCT_BUNDLE_IDENTIFIER = "de.thomassillmann.TS-ImagePickerView-Example";
				PRODUCT_NAME = "$(TARGET_NAME)";
				SWIFT_EMIT_LOC_STRINGS = YES;
				SWIFT_VERSION = 5.0;
				TARGETED_DEVICE_FAMILY = "1,2";
			};
			name = Release;
		};
/* End XCBuildConfiguration section */

/* Begin XCConfigurationList section */
		E95A4F9328001C76006716D2 /* Build configuration list for PBXProject "TS ImagePickerView Example" */ = {
			isa = XCConfigurationList;
			buildConfigurations = (
				E95A4FA428001C77006716D2 /* Debug */,
				E95A4FA528001C77006716D2 /* Release */,
			);
			defaultConfigurationIsVisible = 0;
			defaultConfigurationName = Release;
		};
		E95A4FA628001C77006716D2 /* Build configuration list for PBXNativeTarget "TS ImagePickerView Example" */ = {
			isa = XCConfigurationList;
			buildConfigurations = (
				E95A4FA728001C77006716D2 /* Debug */,
				E95A4FA828001C77006716D2 /* Release */,
			);
			defaultConfigurationIsVisible = 0;
			defaultConfigurationName = Release;
		};
/* End XCConfigurationList section */

/* Begin XCVersionGroup section */
		E9D35D7E282E286D000F560F /* ImagePickerDataModel.xcdatamodeld */ = {
			isa = XCVersionGroup;
			children = (
				E9D35D7F282E286D000F560F /* ImagePickerDataModel.xcdatamodel */,
			);
			currentVersion = E9D35D7F282E286D000F560F /* ImagePickerDataModel.xcdatamodel */;
			path = ImagePickerDataModel.xcdatamodeld;
			sourceTree = "<group>";
			versionGroupType = wrapper.xcdatamodel;
		};
/* End XCVersionGroup section */
	};
	rootObject = E95A4F9028001C76006716D2 /* Project object */;
}
